
Microsoft Visual Studio Solution File, Format Version 12.00
# Visual Studio Version 17
VisualStudioVersion = 17.0.31903.59
MinimumVisualStudioVersion = 10.0.40219.1
Project("{FAE04EC0-301F-11D3-BF4B-00C04F79EFBC}") = "chatbot.Api", "chatbot.Api\chatbot.Api.csproj", "{9B211D3A-2D30-4887-9B45-4727F48886A7}"
EndProject
Project("{FAE04EC0-301F-11D3-BF4B-00C04F79EFBC}") = "chatbot.Application", "chatbot.Application\chatbot.Application.csproj", "{9C14440E-A81E-4910-98A3-17F94A45D163}"
EndProject
Project("{FAE04EC0-301F-11D3-BF4B-00C04F79EFBC}") = "chatbot.Domain", "chatbot.Domain\chatbot.Domain.csproj", "{4DD4191D-BE2C-4C70-BD5E-FF0D276023FA}"
EndProject
Project("{FAE04EC0-301F-11D3-BF4B-00C04F79EFBC}") = "chatbot.Infrastructure", "chatbot.Infrastructure\chatbot.Infrastructure.csproj", "{FD72019E-1BFA-481D-98B0-E6A2E370A5B2}"
EndProject
Global
	GlobalSection(SolutionConfigurationPlatforms) = preSolution
		Debug|Any CPU = Debug|Any CPU
		Debug|x64 = Debug|x64
		Debug|x86 = Debug|x86
		Release|Any CPU = Release|Any CPU
		Release|x64 = Release|x64
		Release|x86 = Release|x86
	EndGlobalSection
	GlobalSection(ProjectConfigurationPlatforms) = postSolution
		{9B211D3A-2D30-4887-9B45-4727F48886A7}.Debug|Any CPU.ActiveCfg = Debug|Any CPU
		{9B211D3A-2D30-4887-9B45-4727F48886A7}.Debug|Any CPU.Build.0 = Debug|Any CPU
		{9B211D3A-2D30-4887-9B45-4727F48886A7}.Debug|x64.ActiveCfg = Debug|Any CPU
		{9B211D3A-2D30-4887-9B45-4727F48886A7}.Debug|x64.Build.0 = Debug|Any CPU
		{9B211D3A-2D30-4887-9B45-4727F48886A7}.Debug|x86.ActiveCfg = Debug|Any CPU
		{9B211D3A-2D30-4887-9B45-4727F48886A7}.Debug|x86.Build.0 = Debug|Any CPU
		{9B211D3A-2D30-4887-9B45-4727F48886A7}.Release|Any CPU.ActiveCfg = Release|Any CPU
		{9B211D3A-2D30-4887-9B45-4727F48886A7}.Release|Any CPU.Build.0 = Release|Any CPU
		{9B211D3A-2D30-4887-9B45-4727F48886A7}.Release|x64.ActiveCfg = Release|Any CPU
		{9B211D3A-2D30-4887-9B45-4727F48886A7}.Release|x64.Build.0 = Release|Any CPU
		{9B211D3A-2D30-4887-9B45-4727F48886A7}.Release|x86.ActiveCfg = Release|Any CPU
		{9B211D3A-2D30-4887-9B45-4727F48886A7}.Release|x86.Build.0 = Release|Any CPU
		{9C14440E-A81E-4910-98A3-17F94A45D163}.Debug|Any CPU.ActiveCfg = Debug|Any CPU
		{9C14440E-A81E-4910-98A3-17F94A45D163}.Debug|Any CPU.Build.0 = Debug|Any CPU
		{9C14440E-A81E-4910-98A3-17F94A45D163}.Debug|x64.ActiveCfg = Debug|Any CPU
		{9C14440E-A81E-4910-98A3-17F94A45D163}.Debug|x64.Build.0 = Debug|Any CPU
		{9C14440E-A81E-4910-98A3-17F94A45D163}.Debug|x86.ActiveCfg = Debug|Any CPU
		{9C14440E-A81E-4910-98A3-17F94A45D163}.Debug|x86.Build.0 = Debug|Any CPU
		{9C14440E-A81E-4910-98A3-17F94A45D163}.Release|Any CPU.ActiveCfg = Release|Any CPU
		{9C14440E-A81E-4910-98A3-17F94A45D163}.Release|Any CPU.Build.0 = Release|Any CPU
		{9C14440E-A81E-4910-98A3-17F94A45D163}.Release|x64.ActiveCfg = Release|Any CPU
		{9C14440E-A81E-4910-98A3-17F94A45D163}.Release|x64.Build.0 = Release|Any CPU
		{9C14440E-A81E-4910-98A3-17F94A45D163}.Release|x86.ActiveCfg = Release|Any CPU
		{9C14440E-A81E-4910-98A3-17F94A45D163}.Release|x86.Build.0 = Release|Any CPU
		{4DD4191D-BE2C-4C70-BD5E-FF0D276023FA}.Debug|Any CPU.ActiveCfg = Debug|Any CPU
		{4DD4191D-BE2C-4C70-BD5E-FF0D276023FA}.Debug|Any CPU.Build.0 = Debug|Any CPU
		{4DD4191D-BE2C-4C70-BD5E-FF0D276023FA}.Debug|x64.ActiveCfg = Debug|Any CPU
		{4DD4191D-BE2C-4C70-BD5E-FF0D276023FA}.Debug|x64.Build.0 = Debug|Any CPU
		{4DD4191D-BE2C-4C70-BD5E-FF0D276023FA}.Debug|x86.ActiveCfg = Debug|Any CPU
		{4DD4191D-BE2C-4C70-BD5E-FF0D276023FA}.Debug|x86.Build.0 = Debug|Any CPU
		{4DD4191D-BE2C-4C70-BD5E-FF0D276023FA}.Release|Any CPU.ActiveCfg = Release|Any CPU
		{4DD4191D-BE2C-4C70-BD5E-FF0D276023FA}.Release|Any CPU.Build.0 = Release|Any CPU
		{4DD4191D-BE2C-4C70-BD5E-FF0D276023FA}.Release|x64.ActiveCfg = Release|Any CPU
		{4DD4191D-BE2C-4C70-BD5E-FF0D276023FA}.Release|x64.Build.0 = Release|Any CPU
		{4DD4191D-BE2C-4C70-BD5E-FF0D276023FA}.Release|x86.ActiveCfg = Release|Any CPU
		{4DD4191D-BE2C-4C70-BD5E-FF0D276023FA}.Release|x86.Build.0 = Release|Any CPU
		{FD72019E-1BFA-481D-98B0-E6A2E370A5B2}.Debug|Any CPU.ActiveCfg = Debug|Any CPU
		{FD72019E-1BFA-481D-98B0-E6A2E370A5B2}.Debug|Any CPU.Build.0 = Debug|Any CPU
		{FD72019E-1BFA-481D-98B0-E6A2E370A5B2}.Debug|x64.ActiveCfg = Debug|Any CPU
		{FD72019E-1BFA-481D-98B0-E6A2E370A5B2}.Debug|x64.Build.0 = Debug|Any CPU
		{FD72019E-1BFA-481D-98B0-E6A2E370A5B2}.Debug|x86.ActiveCfg = Debug|Any CPU
		{FD72019E-1BFA-481D-98B0-E6A2E370A5B2}.Debug|x86.Build.0 = Debug|Any CPU
		{FD72019E-1BFA-481D-98B0-E6A2E370A5B2}.Release|Any CPU.ActiveCfg = Release|Any CPU
		{FD72019E-1BFA-481D-98B0-E6A2E370A5B2}.Release|Any CPU.Build.0 = Release|Any CPU
		{FD72019E-1BFA-481D-98B0-E6A2E370A5B2}.Release|x64.ActiveCfg = Release|Any CPU
		{FD72019E-1BFA-481D-98B0-E6A2E370A5B2}.Release|x64.Build.0 = Release|Any CPU
		{FD72019E-1BFA-481D-98B0-E6A2E370A5B2}.Release|x86.ActiveCfg = Release|Any CPU
		{FD72019E-1BFA-481D-98B0-E6A2E370A5B2}.Release|x86.Build.0 = Release|Any CPU
	EndGlobalSection
	GlobalSection(SolutionProperties) = preSolution
		HideSolutionNode = FALSE
	EndGlobalSection
EndGlobal
